
Microsoft Visual Studio Solution File, Format Version 12.00
# Visual Studio Version 17
VisualStudioVersion = 17.1.32210.238
MinimumVisualStudioVersion = 10.0.40219.1
Project("{FAE04EC0-301F-11D3-BF4B-00C04F79EFBC}") = "digitalFolder", "digitalFolder\digitalFolder.csproj", "{D5A8CB07-E5DC-4977-A717-B8FF4D9300C2}"
EndProject
Global
	GlobalSection(SolutionConfigurationPlatforms) = preSolution
		Debug|Any CPU = Debug|Any CPU
		Release|Any CPU = Release|Any CPU
	EndGlobalSection
	GlobalSection(ProjectConfigurationPlatforms) = postSolution
		{D5A8CB07-E5DC-4977-A717-B8FF4D9300C2}.Debug|Any CPU.ActiveCfg = Debug|Any CPU
		{D5A8CB07-E5DC-4977-A717-B8FF4D9300C2}.Debug|Any CPU.Build.0 = Debug|Any CPU
		{D5A8CB07-E5DC-4977-A717-B8FF4D9300C2}.Release|Any CPU.ActiveCfg = Release|Any CPU
		{D5A8CB07-E5DC-4977-A717-B8FF4D9300C2}.Release|Any CPU.Build.0 = Release|Any CPU
	EndGlobalSection
	GlobalSection(SolutionProperties) = preSolution
		HideSolutionNode = FALSE
	EndGlobalSection
	GlobalSection(ExtensibilityGlobals) = postSolution
		SolutionGuid = {20FA6462-D806-4794-AA9B-1FD3FF11DC8B}
	EndGlobalSection
EndGlobal
